
Microsoft Visual Studio Solution File, Format Version 12.00
# Visual Studio Version 17
VisualStudioVersion = 17.13.35825.156
MinimumVisualStudioVersion = 10.0.40219.1
Project("{8BC9CEB8-8B4A-11D0-8D11-00A0C91BC942}") = "first", "C-programming-2\C-programming-2.vcxproj", "{369B0163-4A1E-4134-A8AF-61848E27B450}"
EndProject
Project("{8BC9CEB8-8B4A-11D0-8D11-00A0C91BC942}") = "ch07test", "ch07test\ch07test.vcxproj", "{505C7B53-FAD7-4314-8C7F-EA6EFFC8F628}"
EndProject
Project("{8BC9CEB8-8B4A-11D0-8D11-00A0C91BC942}") = "array_copy07", "array_copy07\array_copy07.vcxproj", "{A2E4A72D-9102-4E17-A42B-74ACA85C651B}"
EndProject
Global
	GlobalSection(SolutionConfigurationPlatforms) = preSolution
		Debug|x64 = Debug|x64
		Debug|x86 = Debug|x86
		Release|x64 = Release|x64
		Release|x86 = Release|x86
	EndGlobalSection
	GlobalSection(ProjectConfigurationPlatforms) = postSolution
		{369B0163-4A1E-4134-A8AF-61848E27B450}.Debug|x64.ActiveCfg = Debug|x64
		{369B0163-4A1E-4134-A8AF-61848E27B450}.Debug|x64.Build.0 = Debug|x64
		{369B0163-4A1E-4134-A8AF-61848E27B450}.Debug|x86.ActiveCfg = Debug|Win32
		{369B0163-4A1E-4134-A8AF-61848E27B450}.Debug|x86.Build.0 = Debug|Win32
		{369B0163-4A1E-4134-A8AF-61848E27B450}.Release|x64.ActiveCfg = Release|x64
		{369B0163-4A1E-4134-A8AF-61848E27B450}.Release|x64.Build.0 = Release|x64
		{369B0163-4A1E-4134-A8AF-61848E27B450}.Release|x86.ActiveCfg = Release|Win32
		{369B0163-4A1E-4134-A8AF-61848E27B450}.Release|x86.Build.0 = Release|Win32
		{505C7B53-FAD7-4314-8C7F-EA6EFFC8F628}.Debug|x64.ActiveCfg = Debug|x64
		{505C7B53-FAD7-4314-8C7F-EA6EFFC8F628}.Debug|x64.Build.0 = Debug|x64
		{505C7B53-FAD7-4314-8C7F-EA6EFFC8F628}.Debug|x86.ActiveCfg = Debug|Win32
		{505C7B53-FAD7-4314-8C7F-EA6EFFC8F628}.Debug|x86.Build.0 = Debug|Win32
		{505C7B53-FAD7-4314-8C7F-EA6EFFC8F628}.Release|x64.ActiveCfg = Release|x64
		{505C7B53-FAD7-4314-8C7F-EA6EFFC8F628}.Release|x64.Build.0 = Release|x64
		{505C7B53-FAD7-4314-8C7F-EA6EFFC8F628}.Release|x86.ActiveCfg = Release|Win32
		{505C7B53-FAD7-4314-8C7F-EA6EFFC8F628}.Release|x86.Build.0 = Release|Win32
		{A2E4A72D-9102-4E17-A42B-74ACA85C651B}.Debug|x64.ActiveCfg = Debug|x64
		{A2E4A72D-9102-4E17-A42B-74ACA85C651B}.Debug|x64.Build.0 = Debug|x64
		{A2E4A72D-9102-4E17-A42B-74ACA85C651B}.Debug|x86.ActiveCfg = Debug|Win32
		{A2E4A72D-9102-4E17-A42B-74ACA85C651B}.Debug|x86.Build.0 = Debug|Win32
		{A2E4A72D-9102-4E17-A42B-74ACA85C651B}.Release|x64.ActiveCfg = Release|x64
		{A2E4A72D-9102-4E17-A42B-74ACA85C651B}.Release|x64.Build.0 = Release|x64
		{A2E4A72D-9102-4E17-A42B-74ACA85C651B}.Release|x86.ActiveCfg = Release|Win32
		{A2E4A72D-9102-4E17-A42B-74ACA85C651B}.Release|x86.Build.0 = Release|Win32
	EndGlobalSection
	GlobalSection(SolutionProperties) = preSolution
		HideSolutionNode = FALSE
	EndGlobalSection
	GlobalSection(ExtensibilityGlobals) = postSolution
		SolutionGuid = {87FC560E-1240-4F65-8396-466A015E5418}
	EndGlobalSection
EndGlobal
